
Microsoft Visual Studio Solution File, Format Version 12.00
# Visual Studio 15
Project("{FAE04EC0-301F-11D3-BF4B-00C04F79EFBC}") = "Assembly-CSharp", "Assembly-CSharp.csproj", "{9205A968-154B-B638-4B41-9BC7D6D8D5DD}"
EndProject
Project("{FAE04EC0-301F-11D3-BF4B-00C04F79EFBC}") = "Assembly-CSharp-firstpass", "Assembly-CSharp-firstpass.csproj", "{E8D483C1-91F2-D28A-57A9-2488F9DFF606}"
EndProject
Global
	GlobalSection(SolutionConfigurationPlatforms) = preSolution
		Debug|Any CPU = Debug|Any CPU
		Release|Any CPU = Release|Any CPU
	EndGlobalSection
	GlobalSection(ProjectConfigurationPlatforms) = postSolution
		{9205A968-154B-B638-4B41-9BC7D6D8D5DD}.Debug|Any CPU.ActiveCfg = Debug|Any CPU
		{9205A968-154B-B638-4B41-9BC7D6D8D5DD}.Debug|Any CPU.Build.0 = Debug|Any CPU
		{9205A968-154B-B638-4B41-9BC7D6D8D5DD}.Release|Any CPU.ActiveCfg = Release|Any CPU
		{9205A968-154B-B638-4B41-9BC7D6D8D5DD}.Release|Any CPU.Build.0 = Release|Any CPU
		{E8D483C1-91F2-D28A-57A9-2488F9DFF606}.Debug|Any CPU.ActiveCfg = Debug|Any CPU
		{E8D483C1-91F2-D28A-57A9-2488F9DFF606}.Debug|Any CPU.Build.0 = Debug|Any CPU
		{E8D483C1-91F2-D28A-57A9-2488F9DFF606}.Release|Any CPU.ActiveCfg = Release|Any CPU
		{E8D483C1-91F2-D28A-57A9-2488F9DFF606}.Release|Any CPU.Build.0 = Release|Any CPU
	EndGlobalSection
	GlobalSection(SolutionProperties) = preSolution
		HideSolutionNode = FALSE
	EndGlobalSection
EndGlobal
